// !$*UTF8*$!
{
	archiveVersion = 1;
	classes = {
	};
	objectVersion = 51;
	objects = {

/* Begin PBXBuildFile section */
		034BC08F242A0B7C00F6D62E /* RatingView.swift in Sources */ = {isa = PBXBuildFile; fileRef = 034BC08E242A0B7C00F6D62E /* RatingView.swift */; };
		037DB1ED241CF31C0095F339 /* ExpertTableViewCell.swift in Sources */ = {isa = PBXBuildFile; fileRef = 037DB1EC241CF31C0095F339 /* ExpertTableViewCell.swift */; };
		037DB1EF241CF5440095F339 /* ExpertTableViewController.swift in Sources */ = {isa = PBXBuildFile; fileRef = 037DB1EE241CF5440095F339 /* ExpertTableViewController.swift */; };
		037DB1F2241D081A0095F339 /* Expert.swift in Sources */ = {isa = PBXBuildFile; fileRef = 037DB1F1241D081A0095F339 /* Expert.swift */; };
		037DB1F5241D2BED0095F339 /* Skill.swift in Sources */ = {isa = PBXBuildFile; fileRef = 037DB1F4241D2BED0095F339 /* Skill.swift */; };
		03959F4F24265BA200CC8D98 /* SkillTableViewController.swift in Sources */ = {isa = PBXBuildFile; fileRef = 03959F4E24265BA200CC8D98 /* SkillTableViewController.swift */; };
		03959F5124265BC900CC8D98 /* SkillTableViewCell.swift in Sources */ = {isa = PBXBuildFile; fileRef = 03959F5024265BC900CC8D98 /* SkillTableViewCell.swift */; };
		CFAA96F424268F5500BDBC47 /* RequestTableViewController.swift in Sources */ = {isa = PBXBuildFile; fileRef = CFAA96F324268F5500BDBC47 /* RequestTableViewController.swift */; };
		CFAA96F62426903200BDBC47 /* Request.swift in Sources */ = {isa = PBXBuildFile; fileRef = CFAA96F52426903200BDBC47 /* Request.swift */; };
		CFAB3CAF2426875D007B6A96 /* RequestTableViewCell.swift in Sources */ = {isa = PBXBuildFile; fileRef = CFAB3CAE2426875D007B6A96 /* RequestTableViewCell.swift */; };
		CFEA3AF5242FB15A00AECFB9 /* GoogleService-Info.plist in Resources */ = {isa = PBXBuildFile; fileRef = CFEA3AF4242FB15A00AECFB9 /* GoogleService-Info.plist */; };
		CFF3FB26241CDD74005DF62C /* AppDelegate.swift in Sources */ = {isa = PBXBuildFile; fileRef = CFF3FB25241CDD74005DF62C /* AppDelegate.swift */; };
		CFF3FB28241CDD74005DF62C /* SceneDelegate.swift in Sources */ = {isa = PBXBuildFile; fileRef = CFF3FB27241CDD74005DF62C /* SceneDelegate.swift */; };
		CFF3FB2A241CDD74005DF62C /* DetailViewController.swift in Sources */ = {isa = PBXBuildFile; fileRef = CFF3FB29241CDD74005DF62C /* DetailViewController.swift */; };
		CFF3FB2D241CDD74005DF62C /* Main.storyboard in Resources */ = {isa = PBXBuildFile; fileRef = CFF3FB2B241CDD74005DF62C /* Main.storyboard */; };
		CFF3FB2F241CDD78005DF62C /* Assets.xcassets in Resources */ = {isa = PBXBuildFile; fileRef = CFF3FB2E241CDD78005DF62C /* Assets.xcassets */; };
		CFF3FB32241CDD78005DF62C /* LaunchScreen.storyboard in Resources */ = {isa = PBXBuildFile; fileRef = CFF3FB30241CDD78005DF62C /* LaunchScreen.storyboard */; };
		D5DB1C15DAF879C0535F3E03 /* Pods_XbitApp.framework in Frameworks */ = {isa = PBXBuildFile; fileRef = E5AAE450FCBDC1148C0FAB23 /* Pods_XbitApp.framework */; };
/* End PBXBuildFile section */

/* Begin PBXFileReference section */
		034BC08E242A0B7C00F6D62E /* RatingView.swift */ = {isa = PBXFileReference; lastKnownFileType = sourcecode.swift; path = RatingView.swift; sourceTree = "<group>"; };
		037DB1EC241CF31C0095F339 /* ExpertTableViewCell.swift */ = {isa = PBXFileReference; lastKnownFileType = sourcecode.swift; path = ExpertTableViewCell.swift; sourceTree = "<group>"; };
		037DB1EE241CF5440095F339 /* ExpertTableViewController.swift */ = {isa = PBXFileReference; lastKnownFileType = sourcecode.swift; path = ExpertTableViewController.swift; sourceTree = "<group>"; };
		037DB1F1241D081A0095F339 /* Expert.swift */ = {isa = PBXFileReference; lastKnownFileType = sourcecode.swift; path = Expert.swift; sourceTree = "<group>"; };
		037DB1F4241D2BED0095F339 /* Skill.swift */ = {isa = PBXFileReference; lastKnownFileType = sourcecode.swift; path = Skill.swift; sourceTree = "<group>"; };
		03959F4E24265BA200CC8D98 /* SkillTableViewController.swift */ = {isa = PBXFileReference; lastKnownFileType = sourcecode.swift; path = SkillTableViewController.swift; sourceTree = "<group>"; };
		03959F5024265BC900CC8D98 /* SkillTableViewCell.swift */ = {isa = PBXFileReference; lastKnownFileType = sourcecode.swift; path = SkillTableViewCell.swift; sourceTree = "<group>"; };
		CFAA96F324268F5500BDBC47 /* RequestTableViewController.swift */ = {isa = PBXFileReference; lastKnownFileType = sourcecode.swift; path = RequestTableViewController.swift; sourceTree = "<group>"; };
		CFAA96F52426903200BDBC47 /* Request.swift */ = {isa = PBXFileReference; lastKnownFileType = sourcecode.swift; path = Request.swift; sourceTree = "<group>"; };
		CFAB3CAE2426875D007B6A96 /* RequestTableViewCell.swift */ = {isa = PBXFileReference; lastKnownFileType = sourcecode.swift; path = RequestTableViewCell.swift; sourceTree = "<group>"; };
		CFEA3AF4242FB15A00AECFB9 /* GoogleService-Info.plist */ = {isa = PBXFileReference; fileEncoding = 4; lastKnownFileType = text.plist.xml; name = "GoogleService-Info.plist"; path = "../../../../Downloads/GoogleService-Info.plist"; sourceTree = "<group>"; };
		CFF3FB22241CDD74005DF62C /* XbitApp.app */ = {isa = PBXFileReference; explicitFileType = wrapper.application; includeInIndex = 0; path = XbitApp.app; sourceTree = BUILT_PRODUCTS_DIR; };
		CFF3FB25241CDD74005DF62C /* AppDelegate.swift */ = {isa = PBXFileReference; lastKnownFileType = sourcecode.swift; path = AppDelegate.swift; sourceTree = "<group>"; };
		CFF3FB27241CDD74005DF62C /* SceneDelegate.swift */ = {isa = PBXFileReference; lastKnownFileType = sourcecode.swift; path = SceneDelegate.swift; sourceTree = "<group>"; };
		CFF3FB29241CDD74005DF62C /* DetailViewController.swift */ = {isa = PBXFileReference; lastKnownFileType = sourcecode.swift; path = DetailViewController.swift; sourceTree = "<group>"; };
		CFF3FB2C241CDD74005DF62C /* Base */ = {isa = PBXFileReference; lastKnownFileType = file.storyboard; name = Base; path = Base.lproj/Main.storyboard; sourceTree = "<group>"; };
		CFF3FB2E241CDD78005DF62C /* Assets.xcassets */ = {isa = PBXFileReference; lastKnownFileType = folder.assetcatalog; path = Assets.xcassets; sourceTree = "<group>"; };
		CFF3FB31241CDD78005DF62C /* Base */ = {isa = PBXFileReference; lastKnownFileType = file.storyboard; name = Base; path = Base.lproj/LaunchScreen.storyboard; sourceTree = "<group>"; };
		CFF3FB33241CDD78005DF62C /* Info.plist */ = {isa = PBXFileReference; lastKnownFileType = text.plist.xml; path = Info.plist; sourceTree = "<group>"; };
		E5AAE450FCBDC1148C0FAB23 /* Pods_XbitApp.framework */ = {isa = PBXFileReference; explicitFileType = wrapper.framework; includeInIndex = 0; path = Pods_XbitApp.framework; sourceTree = BUILT_PRODUCTS_DIR; };
		EC7EA27642FAFCF1E570E068 /* Pods-XbitApp.release.xcconfig */ = {isa = PBXFileReference; includeInIndex = 1; lastKnownFileType = text.xcconfig; name = "Pods-XbitApp.release.xcconfig"; path = "Target Support Files/Pods-XbitApp/Pods-XbitApp.release.xcconfig"; sourceTree = "<group>"; };
		FEF602F75FBECEDB2B6B930C /* Pods-XbitApp.debug.xcconfig */ = {isa = PBXFileReference; includeInIndex = 1; lastKnownFileType = text.xcconfig; name = "Pods-XbitApp.debug.xcconfig"; path = "Target Support Files/Pods-XbitApp/Pods-XbitApp.debug.xcconfig"; sourceTree = "<group>"; };
/* End PBXFileReference section */

/* Begin PBXFrameworksBuildPhase section */
		CFF3FB1F241CDD74005DF62C /* Frameworks */ = {
			isa = PBXFrameworksBuildPhase;
			buildActionMask = 2147483647;
			files = (
				D5DB1C15DAF879C0535F3E03 /* Pods_XbitApp.framework in Frameworks */,
			);
			runOnlyForDeploymentPostprocessing = 0;
		};
/* End PBXFrameworksBuildPhase section */

/* Begin PBXGroup section */
		037DB1F0241CF5B40095F339 /* ExpertList */ = {
			isa = PBXGroup;
			children = (
				037DB1EC241CF31C0095F339 /* ExpertTableViewCell.swift */,
				037DB1EE241CF5440095F339 /* ExpertTableViewController.swift */,
			);
			path = ExpertList;
			sourceTree = "<group>";
		};
		037DB1F3241D2BBB0095F339 /* Models */ = {
			isa = PBXGroup;
			children = (
				037DB1F1241D081A0095F339 /* Expert.swift */,
				CFAA96F52426903200BDBC47 /* Request.swift */,
				037DB1F4241D2BED0095F339 /* Skill.swift */,
			);
			path = Models;
			sourceTree = "<group>";
		};
		037DB1F6241D2DF40095F339 /* DetailView */ = {
			isa = PBXGroup;
			children = (
				CFF3FB29241CDD74005DF62C /* DetailViewController.swift */,
				034BC08E242A0B7C00F6D62E /* RatingView.swift */,
			);
			path = DetailView;
			sourceTree = "<group>";
		};
		03959F4D24265B5F00CC8D98 /* SkillList */ = {
			isa = PBXGroup;
			children = (
				03959F4E24265BA200CC8D98 /* SkillTableViewController.swift */,
				03959F5024265BC900CC8D98 /* SkillTableViewCell.swift */,
			);
			path = SkillList;
			sourceTree = "<group>";
		};
		53FAB05E8EF3E5CE0511E6DB /* Frameworks */ = {
			isa = PBXGroup;
			children = (
				E5AAE450FCBDC1148C0FAB23 /* Pods_XbitApp.framework */,
			);
			name = Frameworks;
			sourceTree = "<group>";
		};
		8A538FAC6CBF12EA529466A0 /* Pods */ = {
			isa = PBXGroup;
			children = (
				FEF602F75FBECEDB2B6B930C /* Pods-XbitApp.debug.xcconfig */,
				EC7EA27642FAFCF1E570E068 /* Pods-XbitApp.release.xcconfig */,
			);
			path = Pods;
			sourceTree = "<group>";
		};
		CFAB3CAD24268563007B6A96 /* RequestList */ = {
			isa = PBXGroup;
			children = (
				CFAA96F324268F5500BDBC47 /* RequestTableViewController.swift */,
				CFAB3CAE2426875D007B6A96 /* RequestTableViewCell.swift */,
			);
			path = RequestList;
			sourceTree = "<group>";
		};
		CFF3FB19241CDD74005DF62C = {
			isa = PBXGroup;
			children = (
				CFF3FB24241CDD74005DF62C /* XbitApp */,
				CFF3FB23241CDD74005DF62C /* Products */,
				8A538FAC6CBF12EA529466A0 /* Pods */,
				53FAB05E8EF3E5CE0511E6DB /* Frameworks */,
			);
			sourceTree = "<group>";
		};
		CFF3FB23241CDD74005DF62C /* Products */ = {
			isa = PBXGroup;
			children = (
				CFF3FB22241CDD74005DF62C /* XbitApp.app */,
			);
			name = Products;
			sourceTree = "<group>";
		};
		CFF3FB24241CDD74005DF62C /* XbitApp */ = {
			isa = PBXGroup;
			children = (
				CFAB3CAD24268563007B6A96 /* RequestList */,
				03959F4D24265B5F00CC8D98 /* SkillList */,
				037DB1F6241D2DF40095F339 /* DetailView */,
				037DB1F3241D2BBB0095F339 /* Models */,
				037DB1F0241CF5B40095F339 /* ExpertList */,
				CFF3FB25241CDD74005DF62C /* AppDelegate.swift */,
				CFF3FB27241CDD74005DF62C /* SceneDelegate.swift */,
				CFF3FB2B241CDD74005DF62C /* Main.storyboard */,
				CFEA3AF4242FB15A00AECFB9 /* GoogleService-Info.plist */,
				CFF3FB2E241CDD78005DF62C /* Assets.xcassets */,
				CFF3FB30241CDD78005DF62C /* LaunchScreen.storyboard */,
				CFF3FB33241CDD78005DF62C /* Info.plist */,
			);
			path = XbitApp;
			sourceTree = "<group>";
		};
/* End PBXGroup section */

/* Begin PBXNativeTarget section */
		CFF3FB21241CDD74005DF62C /* XbitApp */ = {
			isa = PBXNativeTarget;
			buildConfigurationList = CFF3FB36241CDD78005DF62C /* Build configuration list for PBXNativeTarget "XbitApp" */;
			buildPhases = (
				147FD5EB91B07D5470770B2E /* [CP] Check Pods Manifest.lock */,
				CFF3FB1E241CDD74005DF62C /* Sources */,
				CFF3FB1F241CDD74005DF62C /* Frameworks */,
				CFF3FB20241CDD74005DF62C /* Resources */,
				321104B67BBB6D602F70FBC0 /* [CP] Embed Pods Frameworks */,
			);
			buildRules = (
			);
			dependencies = (
			);
			name = XbitApp;
			productName = XbitApp;
			productReference = CFF3FB22241CDD74005DF62C /* XbitApp.app */;
			productType = "com.apple.product-type.application";
		};
/* End PBXNativeTarget section */

/* Begin PBXProject section */
		CFF3FB1A241CDD74005DF62C /* Project object */ = {
			isa = PBXProject;
			attributes = {
				LastSwiftUpdateCheck = 1130;
				LastUpgradeCheck = 1130;
				ORGANIZATIONNAME = "xbit-ios";
				TargetAttributes = {
					CFF3FB21241CDD74005DF62C = {
						CreatedOnToolsVersion = 11.3.1;
					};
				};
			};
			buildConfigurationList = CFF3FB1D241CDD74005DF62C /* Build configuration list for PBXProject "XbitApp" */;
			compatibilityVersion = "Xcode 9.3";
			developmentRegion = en;
			hasScannedForEncodings = 0;
			knownRegions = (
				en,
				Base,
			);
			mainGroup = CFF3FB19241CDD74005DF62C;
			productRefGroup = CFF3FB23241CDD74005DF62C /* Products */;
			projectDirPath = "";
			projectRoot = "";
			targets = (
				CFF3FB21241CDD74005DF62C /* XbitApp */,
			);
		};
/* End PBXProject section */

/* Begin PBXResourcesBuildPhase section */
		CFF3FB20241CDD74005DF62C /* Resources */ = {
			isa = PBXResourcesBuildPhase;
			buildActionMask = 2147483647;
			files = (
				CFF3FB32241CDD78005DF62C /* LaunchScreen.storyboard in Resources */,
				CFEA3AF5242FB15A00AECFB9 /* GoogleService-Info.plist in Resources */,
				CFF3FB2F241CDD78005DF62C /* Assets.xcassets in Resources */,
				CFF3FB2D241CDD74005DF62C /* Main.storyboard in Resources */,
			);
			runOnlyForDeploymentPostprocessing = 0;
		};
/* End PBXResourcesBuildPhase section */

/* Begin PBXShellScriptBuildPhase section */
		147FD5EB91B07D5470770B2E /* [CP] Check Pods Manifest.lock */ = {
			isa = PBXShellScriptBuildPhase;
			buildActionMask = 2147483647;
			files = (
			);
			inputFileListPaths = (
			);
			inputPaths = (
				"${PODS_PODFILE_DIR_PATH}/Podfile.lock",
				"${PODS_ROOT}/Manifest.lock",
			);
			name = "[CP] Check Pods Manifest.lock";
			outputFileListPaths = (
			);
			outputPaths = (
				"$(DERIVED_FILE_DIR)/Pods-XbitApp-checkManifestLockResult.txt",
			);
			runOnlyForDeploymentPostprocessing = 0;
			shellPath = /bin/sh;
			shellScript = "diff \"${PODS_PODFILE_DIR_PATH}/Podfile.lock\" \"${PODS_ROOT}/Manifest.lock\" > /dev/null\nif [ $? != 0 ] ; then\n    # print error to STDERR\n    echo \"error: The sandbox is not in sync with the Podfile.lock. Run 'pod install' or update your CocoaPods installation.\" >&2\n    exit 1\nfi\n# This output is used by Xcode 'outputs' to avoid re-running this script phase.\necho \"SUCCESS\" > \"${SCRIPT_OUTPUT_FILE_0}\"\n";
			showEnvVarsInLog = 0;
		};
		321104B67BBB6D602F70FBC0 /* [CP] Embed Pods Frameworks */ = {
			isa = PBXShellScriptBuildPhase;
			buildActionMask = 2147483647;
			files = (
			);
			inputFileListPaths = (
				"${PODS_ROOT}/Target Support Files/Pods-XbitApp/Pods-XbitApp-frameworks-${CONFIGURATION}-input-files.xcfilelist",
			);
			name = "[CP] Embed Pods Frameworks";
			outputFileListPaths = (
				"${PODS_ROOT}/Target Support Files/Pods-XbitApp/Pods-XbitApp-frameworks-${CONFIGURATION}-output-files.xcfilelist",
			);
			runOnlyForDeploymentPostprocessing = 0;
			shellPath = /bin/sh;
			shellScript = "\"${PODS_ROOT}/Target Support Files/Pods-XbitApp/Pods-XbitApp-frameworks.sh\"\n";
			showEnvVarsInLog = 0;
		};
/* End PBXShellScriptBuildPhase section */

/* Begin PBXSourcesBuildPhase section */
		CFF3FB1E241CDD74005DF62C /* Sources */ = {
			isa = PBXSourcesBuildPhase;
			buildActionMask = 2147483647;
			files = (
				037DB1F5241D2BED0095F339 /* Skill.swift in Sources */,
				CFAB3CAF2426875D007B6A96 /* RequestTableViewCell.swift in Sources */,
				CFF3FB2A241CDD74005DF62C /* DetailViewController.swift in Sources */,
				CFF3FB26241CDD74005DF62C /* AppDelegate.swift in Sources */,
				CFAA96F424268F5500BDBC47 /* RequestTableViewController.swift in Sources */,
				034BC08F242A0B7C00F6D62E /* RatingView.swift in Sources */,
				CFF3FB28241CDD74005DF62C /* SceneDelegate.swift in Sources */,
				037DB1F2241D081A0095F339 /* Expert.swift in Sources */,
				CFAA96F62426903200BDBC47 /* Request.swift in Sources */,
				037DB1EF241CF5440095F339 /* ExpertTableViewController.swift in Sources */,
				03959F5124265BC900CC8D98 /* SkillTableViewCell.swift in Sources */,
				037DB1ED241CF31C0095F339 /* ExpertTableViewCell.swift in Sources */,
				03959F4F24265BA200CC8D98 /* SkillTableViewController.swift in Sources */,
			);
			runOnlyForDeploymentPostprocessing = 0;
		};
/* End PBXSourcesBuildPhase section */

/* Begin PBXVariantGroup section */
		CFF3FB2B241CDD74005DF62C /* Main.storyboard */ = {
			isa = PBXVariantGroup;
			children = (
				CFF3FB2C241CDD74005DF62C /* Base */,
			);
			name = Main.storyboard;
			sourceTree = "<group>";
		};
		CFF3FB30241CDD78005DF62C /* LaunchScreen.storyboard */ = {
			isa = PBXVariantGroup;
			children = (
				CFF3FB31241CDD78005DF62C /* Base */,
			);
			name = LaunchScreen.storyboard;
			sourceTree = "<group>";
		};
/* End PBXVariantGroup section */

/* Begin XCBuildConfiguration section */
		CFF3FB34241CDD78005DF62C /* Debug */ = {
			isa = XCBuildConfiguration;
			buildSettings = {
				ALWAYS_SEARCH_USER_PATHS = NO;
				CLANG_ANALYZER_NONNULL = YES;
				CLANG_ANALYZER_NUMBER_OBJECT_CONVERSION = YES_AGGRESSIVE;
				CLANG_CXX_LANGUAGE_STANDARD = "gnu++14";
				CLANG_CXX_LIBRARY = "libc++";
				CLANG_ENABLE_MODULES = YES;
				CLANG_ENABLE_OBJC_ARC = YES;
				CLANG_ENABLE_OBJC_WEAK = YES;
				CLANG_WARN_BLOCK_CAPTURE_AUTORELEASING = YES;
				CLANG_WARN_BOOL_CONVERSION = YES;
				CLANG_WARN_COMMA = YES;
				CLANG_WARN_CONSTANT_CONVERSION = YES;
				CLANG_WARN_DEPRECATED_OBJC_IMPLEMENTATIONS = YES;
				CLANG_WARN_DIRECT_OBJC_ISA_USAGE = YES_ERROR;
				CLANG_WARN_DOCUMENTATION_COMMENTS = YES;
				CLANG_WARN_EMPTY_BODY = YES;
				CLANG_WARN_ENUM_CONVERSION = YES;
				CLANG_WARN_INFINITE_RECURSION = YES;
				CLANG_WARN_INT_CONVERSION = YES;
				CLANG_WARN_NON_LITERAL_NULL_CONVERSION = YES;
				CLANG_WARN_OBJC_IMPLICIT_RETAIN_SELF = YES;
				CLANG_WARN_OBJC_LITERAL_CONVERSION = YES;
				CLANG_WARN_OBJC_ROOT_CLASS = YES_ERROR;
				CLANG_WARN_RANGE_LOOP_ANALYSIS = YES;
				CLANG_WARN_STRICT_PROTOTYPES = YES;
				CLANG_WARN_SUSPICIOUS_MOVE = YES;
				CLANG_WARN_UNGUARDED_AVAILABILITY = YES_AGGRESSIVE;
				CLANG_WARN_UNREACHABLE_CODE = YES;
				CLANG_WARN__DUPLICATE_METHOD_MATCH = YES;
				COPY_PHASE_STRIP = NO;
				DEBUG_INFORMATION_FORMAT = dwarf;
				ENABLE_STRICT_OBJC_MSGSEND = YES;
				ENABLE_TESTABILITY = YES;
				GCC_C_LANGUAGE_STANDARD = gnu11;
				GCC_DYNAMIC_NO_PIC = NO;
				GCC_NO_COMMON_BLOCKS = YES;
				GCC_OPTIMIZATION_LEVEL = 0;
				GCC_PREPROCESSOR_DEFINITIONS = (
					"DEBUG=1",
					"$(inherited)",
				);
				GCC_WARN_64_TO_32_BIT_CONVERSION = YES;
				GCC_WARN_ABOUT_RETURN_TYPE = YES_ERROR;
				GCC_WARN_UNDECLARED_SELECTOR = YES;
				GCC_WARN_UNINITIALIZED_AUTOS = YES_AGGRESSIVE;
				GCC_WARN_UNUSED_FUNCTION = YES;
				GCC_WARN_UNUSED_VARIABLE = YES;
				IPHONEOS_DEPLOYMENT_TARGET = 13.2;
				MTL_ENABLE_DEBUG_INFO = INCLUDE_SOURCE;
				MTL_FAST_MATH = YES;
				ONLY_ACTIVE_ARCH = YES;
				SDKROOT = iphoneos;
				SWIFT_ACTIVE_COMPILATION_CONDITIONS = DEBUG;
				SWIFT_OPTIMIZATION_LEVEL = "-Onone";
			};
			name = Debug;
		};
		CFF3FB35241CDD78005DF62C /* Release */ = {
			isa = XCBuildConfiguration;
			buildSettings = {
				ALWAYS_SEARCH_USER_PATHS = NO;
				CLANG_ANALYZER_NONNULL = YES;
				CLANG_ANALYZER_NUMBER_OBJECT_CONVERSION = YES_AGGRESSIVE;
				CLANG_CXX_LANGUAGE_STANDARD = "gnu++14";
				CLANG_CXX_LIBRARY = "libc++";
				CLANG_ENABLE_MODULES = YES;
				CLANG_ENABLE_OBJC_ARC = YES;
				CLANG_ENABLE_OBJC_WEAK = YES;
				CLANG_WARN_BLOCK_CAPTURE_AUTORELEASING = YES;
				CLANG_WARN_BOOL_CONVERSION = YES;
				CLANG_WARN_COMMA = YES;
				CLANG_WARN_CONSTANT_CONVERSION = YES;
				CLANG_WARN_DEPRECATED_OBJC_IMPLEMENTATIONS = YES;
				CLANG_WARN_DIRECT_OBJC_ISA_USAGE = YES_ERROR;
				CLANG_WARN_DOCUMENTATION_COMMENTS = YES;
				CLANG_WARN_EMPTY_BODY = YES;
				CLANG_WARN_ENUM_CONVERSION = YES;
				CLANG_WARN_INFINITE_RECURSION = YES;
				CLANG_WARN_INT_CONVERSION = YES;
				CLANG_WARN_NON_LITERAL_NULL_CONVERSION = YES;
				CLANG_WARN_OBJC_IMPLICIT_RETAIN_SELF = YES;
				CLANG_WARN_OBJC_LITERAL_CONVERSION = YES;
				CLANG_WARN_OBJC_ROOT_CLASS = YES_ERROR;
				CLANG_WARN_RANGE_LOOP_ANALYSIS = YES;
				CLANG_WARN_STRICT_PROTOTYPES = YES;
				CLANG_WARN_SUSPICIOUS_MOVE = YES;
				CLANG_WARN_UNGUARDED_AVAILABILITY = YES_AGGRESSIVE;
				CLANG_WARN_UNREACHABLE_CODE = YES;
				CLANG_WARN__DUPLICATE_METHOD_MATCH = YES;
				COPY_PHASE_STRIP = NO;
				DEBUG_INFORMATION_FORMAT = "dwarf-with-dsym";
				ENABLE_NS_ASSERTIONS = NO;
				ENABLE_STRICT_OBJC_MSGSEND = YES;
				GCC_C_LANGUAGE_STANDARD = gnu11;
				GCC_NO_COMMON_BLOCKS = YES;
				GCC_WARN_64_TO_32_BIT_CONVERSION = YES;
				GCC_WARN_ABOUT_RETURN_TYPE = YES_ERROR;
				GCC_WARN_UNDECLARED_SELECTOR = YES;
				GCC_WARN_UNINITIALIZED_AUTOS = YES_AGGRESSIVE;
				GCC_WARN_UNUSED_FUNCTION = YES;
				GCC_WARN_UNUSED_VARIABLE = YES;
				IPHONEOS_DEPLOYMENT_TARGET = 13.2;
				MTL_ENABLE_DEBUG_INFO = NO;
				MTL_FAST_MATH = YES;
				SDKROOT = iphoneos;
				SWIFT_COMPILATION_MODE = wholemodule;
				SWIFT_OPTIMIZATION_LEVEL = "-O";
				VALIDATE_PRODUCT = YES;
			};
			name = Release;
		};
		CFF3FB37241CDD78005DF62C /* Debug */ = {
			isa = XCBuildConfiguration;
			baseConfigurationReference = FEF602F75FBECEDB2B6B930C /* Pods-XbitApp.debug.xcconfig */;
			buildSettings = {
				ASSETCATALOG_COMPILER_APPICON_NAME = AppIcon;
				CODE_SIGN_STYLE = Automatic;
				DEVELOPMENT_TEAM = FM5CXM6Y58;
				INFOPLIST_FILE = XbitApp/Info.plist;
				LD_RUNPATH_SEARCH_PATHS = (
					"$(inherited)",
					"@executable_path/Frameworks",
				);
				PRODUCT_BUNDLE_IDENTIFIER = "xbit-ios.XbitApp";
				PRODUCT_NAME = "$(TARGET_NAME)";
				SWIFT_VERSION = 5.0;
				TARGETED_DEVICE_FAMILY = "1,2";
			};
			name = Debug;
		};
		CFF3FB38241CDD78005DF62C /* Release */ = {
			isa = XCBuildConfiguration;
			baseConfigurationReference = EC7EA27642FAFCF1E570E068 /* Pods-XbitApp.release.xcconfig */;
			buildSettings = {
				ASSETCATALOG_COMPILER_APPICON_NAME = AppIcon;
				CODE_SIGN_STYLE = Automatic;
				DEVELOPMENT_TEAM = FM5CXM6Y58;
				INFOPLIST_FILE = XbitApp/Info.plist;
				LD_RUNPATH_SEARCH_PATHS = (
					"$(inherited)",
					"@executable_path/Frameworks",
				);
				PRODUCT_BUNDLE_IDENTIFIER = "xbit-ios.XbitApp";
				PRODUCT_NAME = "$(TARGET_NAME)";
				SWIFT_VERSION = 5.0;
				TARGETED_DEVICE_FAMILY = "1,2";
			};
			name = Release;
		};
/* End XCBuildConfiguration section */

/* Begin XCConfigurationList section */
		CFF3FB1D241CDD74005DF62C /* Build configuration list for PBXProject "XbitApp" */ = {
			isa = XCConfigurationList;
			buildConfigurations = (
				CFF3FB34241CDD78005DF62C /* Debug */,
				CFF3FB35241CDD78005DF62C /* Release */,
			);
			defaultConfigurationIsVisible = 0;
			defaultConfigurationName = Release;
		};
		CFF3FB36241CDD78005DF62C /* Build configuration list for PBXNativeTarget "XbitApp" */ = {
			isa = XCConfigurationList;
			buildConfigurations = (
				CFF3FB37241CDD78005DF62C /* Debug */,
				CFF3FB38241CDD78005DF62C /* Release */,
			);
			defaultConfigurationIsVisible = 0;
			defaultConfigurationName = Release;
		};
/* End XCConfigurationList section */
	};
	rootObject = CFF3FB1A241CDD74005DF62C /* Project object */;
}
